lockfileVersion: '9.0'

settings:
  autoInstallPeers: true
  excludeLinksFromLockfile: false

importers:

  .:
    dependencies:
      '@aws-sdk/client-ec2':
        specifier: ^3.350.0
        version: 3.1146.0
      discord.js:
        specifier: ^14.11.0
        version: 14.27.0

packages:

  '@aws-sdk/client-ec2@3.1146.0':
    resolution: {integrity: sha512-3z61SecUOH3OCdYyNPHHoHSxZpbFlTxscSsLvBL6zUAwsnpznKZWDTGtjcJMXIUBERpT3Sopnp8Vy+zAUcT6nQ==}
    engines: {node: '>=20.0.0'}

  '@aws-sdk/core@3.978.1':
    resolution: {integrity: sha512-LbY9aGsEiznDWmUc30Nwv3aIX/+dbwTx8KfS0yOC3NPYMO+O91e6jkT1azf34FwjOndq8/Q+RcVVZz5xnerwdg==}
    engines: {node: '>=20.0.0'}

  '@aws-sdk/credential-provider-env@3.972.72':
    resolution: {integrity: sha512-xTKO/FWJPozTIXbozVnVGoNBhaGba8TBcx+KyUjRVeOlXE+dUc7GTR1cLvu0uTdIdmemzaFbqqCshXeZA1fZew==}
    engines: {node: '>=20.0.0'}

  '@aws-sdk/credential-provider-http@3.972.74':
    resolution: {integrity: sha512-u91E/hT8f4d1xy0Jl7VG4nVKJ3lxbrZkoBTeSVoJdWBiSEUMwMS/9+e0H/aJVQV//Lt5wuzP+E69v4aRSsNTmw==}
    engines: {node: '>=20.0.0'}

  '@aws-sdk/credential-provider-ini@3.973.17':
    resolution: {integrity: sha512-ged4KXdBkvIC81bLvNHHuQKdKak/VXhQTR1NWYTTqW0474nlmsxy9O/vlgTIohDDWH3xpBdtVMZRyjb+DnocDA==}
    engines: {node: '>=20.0.0'}

  '@aws-sdk/credential-provider-login@3.972.79':
    resolution: {integrity: sha512-L+Z85anONJd8MaiuraO4wRxATCdEejBZ3K3eymzWI5JPXa9sOS9CkIm72PBKqXKX+Z9p9NGMX5AIMXm0LEflgw==}
    engines: {node: '>=20.0.0'}

  '@aws-sdk/credential-provider-node@3.972.84':
    resolution: {integrity: sha512-oHt854odINVwzwsh+c5x69j0ajm4DbqqqVJ+O1ECsCIZeMDAbzFpXItaqP7UZstJj/ATdTk/KFSH0LaNAgV+kA==}
    engines: {node: '>=20.0.0'}

  '@aws-sdk/credential-provider-process@3.972.72':
    resolution: {integrity: sha512-rLIp2xbMjX/k9/od7APpqq1ZgXXnV0pOL1Th3ZsL8Wu0TRtBsDTVS8iPqcfRFcHakFxPvR04OSTv2ka2qOb/2A==}
    engines: {node: '>=20.0.0'}

  '@aws-sdk/credential-provider-sso@3.973.16':
    resolution: {integrity: sha512-IGihaJfFZYacJJr/odqILCoK7W/mvrZ7cuK7ECn3sAu4vLC6u0V8bS7mCGbdugJ8Aum2tnvqmx0F2MRFp2rn9g==}
    engines: {node: '>=20.0.0'}

  '@aws-sdk/credential-provider-web-identity@3.972.78':
    resolution: {integrity: sha512-/y9WvNtlcPBGLR0qc1a+9J/xtYZfVczvLUOuXaVWylzttH7ewsxwHtjmiJSolNrVSDorIxHGHMU61CbonRkmwA==}
    engines: {node: '>=20.0.0'}

  '@aws-sdk/middleware-sdk-ec2@3.972.60':
    resolution: {integrity: sha512-d162hehtR9IJuVUfMpAIfeZhjQdYyXRH/QbQWehD5bffJoIQKJ51o/M2YSMubw6X4k5bDtSzVHIYcsna7GBLpw==}
    engines: {node: '>=20.0.0'}

  '@aws-sdk/nested-clients@3.997.46':
    resolution: {integrity: sha512-oRxtBcka/JGHGs9l9p9IVajGoTP8vTPmoAzdHGy4Qcy9P5vPnDf6nhIeM/COQNY9k/OahImTRaLkHftoXvfcmQ==}
    engines: {node: '>=20.0.0'}

  '@aws-sdk/signature-v4-multi-region@3.996.47':
    resolution: {integrity: sha512-Zk08macMvQTHzQJCLJVkOlviVoqwYMrpXv4lmLN7b7sAbiMoOK7Go0NYdR5UeF+MW8LIbRmwrNy9u/5VvX1U5g==}
    engines: {node: '>=20.0.0'}

  '@aws-sdk/token-providers@3.1138.0':
    resolution: {integrity: sha512-GpyAr0DD63YOEmYFM6Df+gJuIgC92MMTiBK4FTKfxii5MJ9ge20epR7LyroulscYlG89J+ZB2ivFDPjvfQhzdw==}
    engines: {node: '>=20.0.0'}

  '@aws-sdk/types@3.974.6':
    resolution: {integrity: sha512-v/clNZzZnDxGyvpHMOGpJKVXFAExJzUNAAjaWGdcx8QAcXLGwTaOkw33p5SHAi0YAioK32xB3hWwOekRVfmfKg==}
    engines: {node: '>=20.0.0'}

  '@aws-sdk/xml-builder@3.972.41':
    resolution: {integrity: sha512-ctjVSyCMegrWfXlx6VqzSBFI6UqmQ5ZlnfMhdLIiWmhoH8UAQxSCP5N3OpG7X3k4LnS7ou74C4mt20+bfTW2aQ==}
    engines: {node: '>=20.0.0'}

  '@aws/lambda-invoke-store@0.3.0':
    resolution: {integrity: sha512-sl4Bm6yiMNYrZKkqqDFWN0UfnWhlS8ivKxrYl+6t0gCLrqr8y3B2IqZZbFRkfaVVp7C/baApyh71P+LeE1A2sQ==}
    engines: {node: '>=18.0.0'}

  '@discordjs/builders@1.14.1':
    resolution: {integrity: sha512-gSKkhXLqs96TCzk66VZuHHl8z2bQMJFGwrXC0f33ngK+FLNau4hU1PYny3DNJfNdSH+gVMzE85/d5FQ2BpcNwQ==}
    engines: {node: '>=16.11.0'}

  '@discordjs/collection@1.5.3':
    resolution: {integrity: sha512-SVb428OMd3WO1paV3rm6tSjM4wC+Kecaa1EUGX7vc6/fddvw/6lg90z4QtCqm21zvVe92vMMDt9+DkIvjXImQQ==}
    engines: {node: '>=16.11.0'}

  '@discordjs/collection@2.1.1':
    resolution: {integrity: sha512-LiSusze9Tc7qF03sLCujF5iZp7K+vRNEDBZ86FT9aQAv3vxMLihUvKvpsCWiQ2DJq1tVckopKm1rxomgNUc9hg==}
    engines: {node: '>=18'}

  '@discordjs/formatters@0.6.2':
    resolution: {integrity: sha512-y4UPwWhH6vChKRkGdMB4odasUbHOUwy7KL+OVwF86PvT6QVOwElx+TiI1/6kcmcEe+g5YRXJFiXSXUdabqZOvQ==}
    engines: {node: '>=16.11.0'}

  '@discordjs/rest@2.6.3':
    resolution: {integrity: sha512-wvOylxNYJkwKjctS/Mn5GP1w9r3/rzyH+ThD1JlAca6zEdlHs8QWBBUQJpU5Q+W6DoIj/Ljh1IPlZs7hTU+UAg==}
    engines: {node: '>=18'}

  '@discordjs/util@1.2.0':
    resolution: {integrity: sha512-3LKP7F2+atl9vJFhaBjn4nOaSWahZ/yWjOvA4e5pnXkt2qyXRCHLxoBQy81GFtLGCq7K9lPm9R517M1U+/90Qg==}
    engines: {node: '>=18'}

  '@discordjs/ws@1.2.3':
    resolution: {integrity: sha512-wPlQDxEmlDg5IxhJPuxXr3Vy9AjYq5xCvFWGJyD7w7Np8ZGu+Mc+97LCoEc/+AYCo2IDpKioiH0/c/mj5ZR9Uw==}
    engines: {node: '>=16.11.0'}

  '@sapphire/async-queue@1.5.5':
    resolution: {integrity: sha512-cvGzxbba6sav2zZkH8GPf2oGk9yYoD5qrNWdu9fRehifgnFZJMV+nuy2nON2roRO4yQQ+v7MK/Pktl/HgfsUXg==}
    engines: {node: '>=v14.0.0', npm: '>=7.0.0'}

  '@sapphire/shapeshift@4.0.0':
    resolution: {integrity: sha512-d9dUmWVA7MMiKobL3VpLF8P2aeanRTu6ypG2OIaEv/ZHH/SUQ2iHOVyi5wAPjQ+HmnMuL0whK9ez8I/raWbtIg==}
    engines: {node: '>=v16'}

  '@sapphire/snowflake@3.5.5':
    resolution: {integrity: sha512-xzvBr1Q1c4lCe7i6sRnrofxeO1QTP/LKQ6A6qy0iB4x5yfiSfARMEQEghojzTNALDTcv8En04qYNIco9/K9eZQ==}
    engines: {node: '>=v14.0.0', npm: '>=7.0.0'}

  '@smithy/core@3.35.1':
    resolution: {integrity: sha512-i4YPS4B6ts7bjn7UwLnGjiZdprOvHvgGobFZsYK3GIY3E5hIqtj0rReU69BcTpGp+fvtraSNXeG1l+jtJvF55w==}
    engines: {node: '>=18.0.0'}

  '@smithy/credential-provider-imds@4.5.2':
    resolution: {integrity: sha512-A9uSdn72ozbRUSit0eib0TW7nXuNPlaeM0zcGkJ+nE6tFcSDbnmtwoxbTCFBukVQcszDAyvsd7+rTduPTXpygg==}
    engines: {node: '>=18.0.0'}

  '@smithy/fetch-http-handler@5.8.0':
    resolution: {integrity: sha512-ycSJu3tFAQ4v04CBB0agqFMVsSQ1iG3yw+SpgxRqKfaURpQD4CZ8Wn0zPMmSnOuTpTh65Vz+EA0rMrw089wvkA==}
    engines: {node: '>=18.0.0'}

  '@smithy/node-http-handler@4.12.1':
    resolution: {integrity: sha512-ThMkboGeONWXAelq9FvGsuJC4rOi+qyC4/zhUF58xYpxUg5sQKx2VXZYJmtNjr4dSuBJ1HeJXETQILCz3wOHvw==}
    engines: {node: '>=18.0.0'}

  '@smithy/signature-v4@5.7.4':
    resolution: {integrity: sha512-tHy0K0VtqNd5Y7Y41h0a0Lhh0L1GzC08dTWg0F7vRJWFtTENg7IZikf3wQkanYIRdb7ngoIPMTmqgUi401fEeQ==}
    engines: {node: '>=18.0.0'}

  '@smithy/types@4.19.0':
    resolution: {integrity: sha512-r7jh49VJxGerfAcTQA6gXcKc+98zOp/tqRwzYjgOE+iSQsP6cEU1hq2QzbuipmP68QtYdY9wKEhiCQZIzHgZ4Q==}
    engines: {node: '>=18.0.0'}

  '@types/node@26.6.4':
    resolution: {integrity: sha512-ldVPDCzj7fsaGZrLB0NuHuTvJcsNasysBAqMolr/cgxrLd1xbqxIr3XJiPnHHJUCxj5sNF1vnRj9aWnrVh5Jcg==}

  '@types/ws@8.18.2':
    resolution: {integrity: sha512-67MQl+fpWKVTT1NYdnmo3U4sc/xPo/zQBncVnI74qmQa0z/b+1g6iYqNmGCPbxO+zz2aklb08a0oHfegiVd0/w==}

  '@vladfrangu/async_event_emitter@2.4.7':
    resolution: {integrity: sha512-Xfe6rpCTxSxfbswi/W/Pz7zp1WWSNn4A0eW4mLkQUewCrXXtMj31lCg+iQyTkh/CkusZSq9eDflu7tjEDXUY6g==}
    engines: {node: '>=v14.0.0', npm: '>=7.0.0'}

  bowser@2.14.1:
    resolution: {integrity: sha512-tzPjzCxygAKWFOJP011oxFHs57HzIhOEracIgAePE4pqB3LikALKnSzUyU4MGs9/iCEUuHlAJTjTc5M+u7YEGg==}

  discord-api-types@0.38.56:
    resolution: {integrity: sha512-Hti4RZsGvF5C7SM8rF2MDHtIm0Hyfrlk84GpEA29nj91tvVVMvX+oQSCodu10t2ZcjFGofq8TX0YyC04B2E69Q==}

  discord.js@14.27.0:
    resolution: {integrity: sha512-qHbFlFG2N7y3LjPySYsL6A1+BnX6bkTVgo842EX0CqVPk/KTMwZkojPHEXKsQUpWZNyz5BISNHK1cPpQw0+m4A==}
    engines: {node: '>=18'}

  fast-deep-equal@3.1.3:
    resolution: {integrity: sha512-f3qQ9oQy9j2AhBe/H9VC91wLmKBCCU/gDOnKNAYG5hswO7BLKj09Hc5HYNz9cGI++xlpDCIgDaitVs03ATR84Q==}

  lodash.snakecase@4.1.1:
    resolution: {integrity: sha512-QZ1d4xoBHYUeuouhEq3lk3Uq7ldgyFXGBhg04+oRLnIz8o9T65Eh+8YdroUwn846zchkA9yDsDl5CVVaV2nqYw==}

  lodash@4.18.1:
    resolution: {integrity: sha512-dMInicTPVE8d1e5otfwmmjlxkZoUpiVLwyeTdUsi/Caj/gfzzblBcCE5sRHV/AsjuCmxWrte2TNGSYuCeCq+0Q==}

  magic-bytes.js@1.13.1:
    resolution: {integrity: sha512-x5sn4UX2k5gCWlcfmoFwG4TPie8+dctESyqOBdhB5p6MsgWXdBKGmt9nXPObj/JI50TTL928lc5Yt1WntMn1bw==}

  ts-mixer@6.0.4:
    resolution: {integrity: sha512-ufKpbmrugz5Aou4wcr5Wc1UUFWOLhq+Fm6qa6P0w0K5Qw2yhaUoiWszhCVuNQyNwrlGiscHOmqYoAox1PtvgjA==}

  tslib@2.8.1:
    resolution: {integrity: sha512-oJFu94HQb+KVduSUQL7wnpmqnfmLsOA/nAh6b6EH0wCEoK0/mPeXU6c3wKDV83MkOuHPRHtSXKKU99IBazS/2w==}

  undici-types@8.9.0:
    resolution: {integrity: sha512-KTDyRTYX8sWmKXAikPHHSyc63CRPETMctyjKFupcC6OBLXT3xsN0e9aF7m+mIXutFWpUXuedtowG7iLOzp0kQg==}

  undici@6.29.0:
    resolution: {integrity: sha512-R+RODBqp6i2pPflGdq+xIOUkl+RNfGgHwoinecKu/JCuf2uO06cOKoDbI2P7Dn6KcswdKwrczbU6IYJ6K8X+wg==}
    engines: {node: '>=18.17'}

  ws@8.22.0:
    resolution: {integrity: sha512-Ydggc987+RO0AnWtZ/7Wq9FtNvcrL1b/RO0ud9mWjUPgDrsAAwQSF51sm2hm1XofbU/4jkpGEsLFsZZxU+1DOg==}
    engines: {node: '>=10.0.0'}
    peerDependencies:
      bufferutil: ^4.0.1
      utf-8-validate: '>=5.0.2'
    peerDependenciesMeta:
      bufferutil:
        optional: true
      utf-8-validate:
        optional: true

snapshots:

  '@aws-sdk/client-ec2@3.1146.0':
    dependencies:
      '@aws-sdk/core': 3.978.1
      '@aws-sdk/credential-provider-node': 3.972.84
      '@aws-sdk/middleware-sdk-ec2': 3.972.60
      '@aws-sdk/types': 3.974.6
      '@smithy/core': 3.35.1
      '@smithy/fetch-http-handler': 5.8.0
      '@smithy/node-http-handler': 4.12.1
      '@smithy/types': 4.19.0
      tslib: 2.8.1

  '@aws-sdk/core@3.978.1':
    dependencies:
      '@aws-sdk/types': 3.974.6
      '@aws-sdk/xml-builder': 3.972.41
      '@aws/lambda-invoke-store': 0.3.0
      '@smithy/core': 3.35.1
      '@smithy/signature-v4': 5.7.4
      '@smithy/types': 4.19.0
      bowser: 2.14.1
      tslib: 2.8.1

  '@aws-sdk/credential-provider-env@3.972.72':
    dependencies:
      '@aws-sdk/core': 3.978.1
      '@aws-sdk/types': 3.974.6
      '@smithy/core': 3.35.1
      '@smithy/types': 4.19.0
      tslib: 2.8.1

  '@aws-sdk/credential-provider-http@3.972.74':
    dependencies:
      '@aws-sdk/core': 3.978.1
      '@aws-sdk/types': 3.974.6
      '@smithy/core': 3.35.1
      '@smithy/fetch-http-handler': 5.8.0
      '@smithy/node-http-handler': 4.12.1
      '@smithy/types': 4.19.0
      tslib: 2.8.1

  '@aws-sdk/credential-provider-ini@3.973.17':
    dependencies:
      '@aws-sdk/core': 3.978.1
      '@aws-sdk/credential-provider-env': 3.972.72
      '@aws-sdk/credential-provider-http': 3.972.74
      '@aws-sdk/credential-provider-login': 3.972.79
      '@aws-sdk/credential-provider-process': 3.972.72
      '@aws-sdk/credential-provider-sso': 3.973.16
      '@aws-sdk/credential-provider-web-identity': 3.972.78
      '@aws-sdk/nested-clients': 3.997.46
      '@aws-sdk/types': 3.974.6
      '@smithy/core': 3.35.1
      '@smithy/credential-provider-imds': 4.5.2
      '@smithy/types': 4.19.0
      tslib: 2.8.1

  '@aws-sdk/credential-provider-login@3.972.79':
    dependencies:
      '@aws-sdk/core': 3.978.1
      '@aws-sdk/nested-clients': 3.997.46
      '@aws-sdk/types': 3.974.6
      '@smithy/core': 3.35.1
      '@smithy/types': 4.19.0
      tslib: 2.8.1

  '@aws-sdk/credential-provider-node@3.972.84':
    dependencies:
      '@aws-sdk/credential-provider-env': 3.972.72
      '@aws-sdk/credential-provider-http': 3.972.74
      '@aws-sdk/credential-provider-ini': 3.973.17
      '@aws-sdk/credential-provider-process': 3.972.72
      '@aws-sdk/credential-provider-sso': 3.973.16
      '@aws-sdk/credential-provider-web-identity': 3.972.78
      '@aws-sdk/types': 3.974.6
      '@smithy/core': 3.35.1
      '@smithy/credential-provider-imds': 4.5.2
      '@smithy/types': 4.19.0
      tslib: 2.8.1

  '@aws-sdk/credential-provider-process@3.972.72':
    dependencies:
      '@aws-sdk/core': 3.978.1
      '@aws-sdk/types': 3.974.6
      '@smithy/core': 3.35.1
      '@smithy/types': 4.19.0
      tslib: 2.8.1

  '@aws-sdk/credential-provider-sso@3.973.16':
    dependencies:
      '@aws-sdk/core': 3.978.1
      '@aws-sdk/nested-clients': 3.997.46
      '@aws-sdk/token-providers': 3.1138.0
      '@aws-sdk/types': 3.974.6
      '@smithy/core': 3.35.1
      '@smithy/types': 4.19.0
      tslib: 2.8.1

  '@aws-sdk/credential-provider-web-identity@3.972.78':
    dependencies:
      '@aws-sdk/core': 3.978.1
      '@aws-sdk/nested-clients': 3.997.46
      '@aws-sdk/types': 3.974.6
      '@smithy/core': 3.35.1
      '@smithy/types': 4.19.0
      tslib: 2.8.1

  '@aws-sdk/middleware-sdk-ec2@3.972.60':
    dependencies:
      '@aws-sdk/core': 3.978.1
      '@aws-sdk/types': 3.974.6
      '@smithy/core': 3.35.1
      '@smithy/signature-v4': 5.7.4
      '@smithy/types': 4.19.0
      tslib: 2.8.1

  '@aws-sdk/nested-clients@3.997.46':
    dependencies:
      '@aws-sdk/core': 3.978.1
      '@aws-sdk/signature-v4-multi-region': 3.996.47
      '@aws-sdk/types': 3.974.6
      '@smithy/core': 3.35.1
      '@smithy/fetch-http-handler': 5.8.0
      '@smithy/node-http-handler': 4.12.1
      '@smithy/types': 4.19.0
      tslib: 2.8.1

  '@aws-sdk/signature-v4-multi-region@3.996.47':
    dependencies:
      '@aws-sdk/types': 3.974.6
      '@smithy/signature-v4': 5.7.4
      '@smithy/types': 4.19.0
      tslib: 2.8.1

  '@aws-sdk/token-providers@3.1138.0':
    dependencies:
      '@aws-sdk/core': 3.978.1
      '@aws-sdk/nested-clients': 3.997.46
      '@aws-sdk/types': 3.974.6
      '@smithy/core': 3.35.1
      '@smithy/types': 4.19.0
      tslib: 2.8.1

  '@aws-sdk/types@3.974.6':
    dependencies:
      '@smithy/types': 4.19.0
      tslib: 2.8.1

  '@aws-sdk/xml-builder@3.972.41':
    dependencies:
      '@smithy/types': 4.19.0
      tslib: 2.8.1

  '@aws/lambda-invoke-store@0.3.0': {}

  '@discordjs/builders@1.14.1':
    dependencies:
      '@discordjs/formatters': 0.6.2
      '@discordjs/util': 1.2.0
      '@sapphire/shapeshift': 4.0.0
      discord-api-types: 0.38.56
      fast-deep-equal: 3.1.3
      ts-mixer: 6.0.4
      tslib: 2.8.1

  '@discordjs/collection@1.5.3': {}

  '@discordjs/collection@2.1.1': {}

  '@discordjs/formatters@0.6.2':
    dependencies:
      discord-api-types: 0.38.56

  '@discordjs/rest@2.6.3':
    dependencies:
      '@discordjs/collection': 2.1.1
      '@discordjs/util': 1.2.0
      '@sapphire/async-queue': 1.5.5
      '@sapphire/snowflake': 3.5.5
      '@vladfrangu/async_event_emitter': 2.4.7
      discord-api-types: 0.38.56
      magic-bytes.js: 1.13.1
      tslib: 2.8.1
      undici: 6.29.0

  '@discordjs/util@1.2.0':
    dependencies:
      discord-api-types: 0.38.56

  '@discordjs/ws@1.2.3':
    dependencies:
      '@discordjs/collection': 2.1.1
      '@discordjs/rest': 2.6.3
      '@discordjs/util': 1.2.0
      '@sapphire/async-queue': 1.5.5
      '@types/ws': 8.18.2
      '@vladfrangu/async_event_emitter': 2.4.7
      discord-api-types: 0.38.56
      tslib: 2.8.1
      ws: 8.22.0
    transitivePeerDependencies:
      - bufferutil
      - utf-8-validate

  '@sapphire/async-queue@1.5.5': {}

  '@sapphire/shapeshift@4.0.0':
    dependencies:
      fast-deep-equal: 3.1.3
      lodash: 4.18.1

  '@sapphire/snowflake@3.5.5': {}

  '@smithy/core@3.35.1':
    dependencies:
      '@smithy/types': 4.19.0
      tslib: 2.8.1

  '@smithy/credential-provider-imds@4.5.2':
    dependencies:
      '@smithy/core': 3.35.1
      '@smithy/types': 4.19.0
      tslib: 2.8.1

  '@smithy/fetch-http-handler@5.8.0':
    dependencies:
      '@smithy/core': 3.35.1
      '@smithy/types': 4.19.0
      tslib: 2.8.1

  '@smithy/node-http-handler@4.12.1':
    dependencies:
      '@smithy/core': 3.35.1
      '@smithy/types': 4.19.0
      tslib: 2.8.1

  '@smithy/signature-v4@5.7.4':
    dependencies:
      '@smithy/core': 3.35.1
      '@smithy/types': 4.19.0
      tslib: 2.8.1

  '@smithy/types@4.19.0':
    dependencies:
      tslib: 2.8.1

  '@types/node@26.6.4':
    dependencies:
      undici-types: 8.9.0

  '@types/ws@8.18.2':
    dependencies:
      '@types/node': 26.6.4

  '@vladfrangu/async_event_emitter@2.4.7': {}

  bowser@2.14.1: {}

  discord-api-types@0.38.56: {}

  discord.js@14.27.0:
    dependencies:
      '@discordjs/builders': 1.14.1
      '@discordjs/collection': 1.5.3
      '@discordjs/formatters': 0.6.2
      '@discordjs/rest': 2.6.3
      '@discordjs/util': 1.2.0
      '@discordjs/ws': 1.2.3
      '@sapphire/snowflake': 3.5.5
      discord-api-types: 0.38.56
      fast-deep-equal: 3.1.3
      lodash.snakecase: 4.1.1
      magic-bytes.js: 1.13.1
      tslib: 2.8.1
      undici: 6.29.0
    transitivePeerDependencies:
      - bufferutil
      - utf-8-validate

  fast-deep-equal@3.1.3: {}

  lodash.snakecase@4.1.1: {}

  lodash@4.18.1: {}

  magic-bytes.js@1.13.1: {}

  ts-mixer@6.0.4: {}

  tslib@2.8.1: {}

  undici-types@8.9.0: {}

  undici@6.29.0: {}

  ws@8.22.0: {}
